# This file is automatically @generated by Cargo.
# It is not intended for manual editing.
version = 4

[[package]]
name = "meta-sovereign-core"
version = "0.15.0"

[[package]]
name = "meta-sovereign-server"
version = "0.15.0"
dependencies = [
 "meta-sovereign-core",
]

[[package]]
name = "meta-sovereign-wasm"
version = "0.15.0"
dependencies = [
 "meta-sovereign-core",
]
